Microsoft Visual Studio Solution File, Format Version 9.00
# Visual Studio 2005
Project("{8BC9CEB8-8B4A-11D0-8D11-00A0C91BC942}") = "ALL_BUILD", "ALL_BUILD.vcproj", "{4506C392-024D-4AA2-887C-DD3580FD6F86}"
	ProjectSection(ProjectDependencies) = postProject
		{BCE0BF86-963C-4D7D-A879-22FB21670523} = {BCE0BF86-963C-4D7D-A879-22FB21670523}
		{41E74446-AD8B-4F58-A72A-A7C5387E292A} = {41E74446-AD8B-4F58-A72A-A7C5387E292A}
		{28A1882E-E187-46C1-90D6-2AA8B274346F} = {28A1882E-E187-46C1-90D6-2AA8B274346F}
		{18120D5C-D7CA-42BF-8D9D-C3B1D69AA0D8} = {18120D5C-D7CA-42BF-8D9D-C3B1D69AA0D8}
		{1E9A68F8-0105-4378-A3BD-694EBA0AA82D} = {1E9A68F8-0105-4378-A3BD-694EBA0AA82D}
		{445EC7E9-B562-426D-A88A-D702FFF02ADD} = {445EC7E9-B562-426D-A88A-D702FFF02ADD}
		{0ED841C3-A3FA-4F54-B819-C7A87643D816} = {0ED841C3-A3FA-4F54-B819-C7A87643D816}
	EndProjectSection
EndProject
Project("{8BC9CEB8-8B4A-11D0-8D11-00A0C91BC942}") = "DebugUtils", "DebugUtils\DebugUtils.vcproj", "{BCE0BF86-963C-4D7D-A879-22FB21670523}"
	ProjectSection(ProjectDependencies) = postProject
		{0ED841C3-A3FA-4F54-B819-C7A87643D816} = {0ED841C3-A3FA-4F54-B819-C7A87643D816}
	EndProjectSection
EndProject
Project("{8BC9CEB8-8B4A-11D0-8D11-00A0C91BC942}") = "Detour", "Detour\Detour.vcproj", "{41E74446-AD8B-4F58-A72A-A7C5387E292A}"
	ProjectSection(ProjectDependencies) = postProject
		{0ED841C3-A3FA-4F54-B819-C7A87643D816} = {0ED841C3-A3FA-4F54-B819-C7A87643D816}
	EndProjectSection
EndProject
Project("{8BC9CEB8-8B4A-11D0-8D11-00A0C91BC942}") = "DetourCrowd", "DetourCrowd\DetourCrowd.vcproj", "{28A1882E-E187-46C1-90D6-2AA8B274346F}"
	ProjectSection(ProjectDependencies) = postProject
		{0ED841C3-A3FA-4F54-B819-C7A87643D816} = {0ED841C3-A3FA-4F54-B819-C7A87643D816}
	EndProjectSection
EndProject
Project("{8BC9CEB8-8B4A-11D0-8D11-00A0C91BC942}") = "DetourTileCache", "DetourTileCache\DetourTileCache.vcproj", "{18120D5C-D7CA-42BF-8D9D-C3B1D69AA0D8}"
	ProjectSection(ProjectDependencies) = postProject
		{0ED841C3-A3FA-4F54-B819-C7A87643D816} = {0ED841C3-A3FA-4F54-B819-C7A87643D816}
	EndProjectSection
EndProject
Project("{8BC9CEB8-8B4A-11D0-8D11-00A0C91BC942}") = "Recast", "Recast\Recast.vcproj", "{1E9A68F8-0105-4378-A3BD-694EBA0AA82D}"
	ProjectSection(ProjectDependencies) = postProject
		{0ED841C3-A3FA-4F54-B819-C7A87643D816} = {0ED841C3-A3FA-4F54-B819-C7A87643D816}
	EndProjectSection
EndProject
Project("{8BC9CEB8-8B4A-11D0-8D11-00A0C91BC942}") = "RecastDemo", "RecastDemo\RecastDemo.vcproj", "{445EC7E9-B562-426D-A88A-D702FFF02ADD}"
	ProjectSection(ProjectDependencies) = postProject
		{BCE0BF86-963C-4D7D-A879-22FB21670523} = {BCE0BF86-963C-4D7D-A879-22FB21670523}
		{41E74446-AD8B-4F58-A72A-A7C5387E292A} = {41E74446-AD8B-4F58-A72A-A7C5387E292A}
		{28A1882E-E187-46C1-90D6-2AA8B274346F} = {28A1882E-E187-46C1-90D6-2AA8B274346F}
		{18120D5C-D7CA-42BF-8D9D-C3B1D69AA0D8} = {18120D5C-D7CA-42BF-8D9D-C3B1D69AA0D8}
		{1E9A68F8-0105-4378-A3BD-694EBA0AA82D} = {1E9A68F8-0105-4378-A3BD-694EBA0AA82D}
		{0ED841C3-A3FA-4F54-B819-C7A87643D816} = {0ED841C3-A3FA-4F54-B819-C7A87643D816}
	EndProjectSection
EndProject
Project("{8BC9CEB8-8B4A-11D0-8D11-00A0C91BC942}") = "ZERO_CHECK", "ZERO_CHECK.vcproj", "{0ED841C3-A3FA-4F54-B819-C7A87643D816}"
	ProjectSection(ProjectDependencies) = postProject
	EndProjectSection
EndProject
Global
	GlobalSection(SolutionConfigurationPlatforms) = preSolution
		Debug|Win32 = Debug|Win32
		Release|Win32 = Release|Win32
		MinSizeRel|Win32 = MinSizeRel|Win32
		RelWithDebInfo|Win32 = RelWithDebInfo|Win32
	EndGlobalSection
	GlobalSection(ProjectConfigurationPlatforms) = postSolution
		{4506C392-024D-4AA2-887C-DD3580FD6F86}.Debug|Win32.ActiveCfg = Debug|Win32
		{4506C392-024D-4AA2-887C-DD3580FD6F86}.Release|Win32.ActiveCfg = Release|Win32
		{4506C392-024D-4AA2-887C-DD3580FD6F86}.MinSizeRel|Win32.ActiveCfg = MinSizeRel|Win32
		{4506C392-024D-4AA2-887C-DD3580FD6F86}.RelWithDebInfo|Win32.ActiveCfg = RelWithDebInfo|Win32
		{BCE0BF86-963C-4D7D-A879-22FB21670523}.Debug|Win32.ActiveCfg = Debug|Win32
		{BCE0BF86-963C-4D7D-A879-22FB21670523}.Debug|Win32.Build.0 = Debug|Win32
		{BCE0BF86-963C-4D7D-A879-22FB21670523}.Release|Win32.ActiveCfg = Release|Win32
		{BCE0BF86-963C-4D7D-A879-22FB21670523}.Release|Win32.Build.0 = Release|Win32
		{BCE0BF86-963C-4D7D-A879-22FB21670523}.MinSizeRel|Win32.ActiveCfg = MinSizeRel|Win32
		{BCE0BF86-963C-4D7D-A879-22FB21670523}.MinSizeRel|Win32.Build.0 = MinSizeRel|Win32
		{BCE0BF86-963C-4D7D-A879-22FB21670523}.RelWithDebInfo|Win32.ActiveCfg = RelWithDebInfo|Win32
		{BCE0BF86-963C-4D7D-A879-22FB21670523}.RelWithDebInfo|Win32.Build.0 = RelWithDebInfo|Win32
		{41E74446-AD8B-4F58-A72A-A7C5387E292A}.Debug|Win32.ActiveCfg = Debug|Win32
		{41E74446-AD8B-4F58-A72A-A7C5387E292A}.Debug|Win32.Build.0 = Debug|Win32
		{41E74446-AD8B-4F58-A72A-A7C5387E292A}.Release|Win32.ActiveCfg = Release|Win32
		{41E74446-AD8B-4F58-A72A-A7C5387E292A}.Release|Win32.Build.0 = Release|Win32
		{41E74446-AD8B-4F58-A72A-A7C5387E292A}.MinSizeRel|Win32.ActiveCfg = MinSizeRel|Win32
		{41E74446-AD8B-4F58-A72A-A7C5387E292A}.MinSizeRel|Win32.Build.0 = MinSizeRel|Win32
		{41E74446-AD8B-4F58-A72A-A7C5387E292A}.RelWithDebInfo|Win32.ActiveCfg = RelWithDebInfo|Win32
		{41E74446-AD8B-4F58-A72A-A7C5387E292A}.RelWithDebInfo|Win32.Build.0 = RelWithDebInfo|Win32
		{28A1882E-E187-46C1-90D6-2AA8B274346F}.Debug|Win32.ActiveCfg = Debug|Win32
		{28A1882E-E187-46C1-90D6-2AA8B274346F}.Debug|Win32.Build.0 = Debug|Win32
		{28A1882E-E187-46C1-90D6-2AA8B274346F}.Release|Win32.ActiveCfg = Release|Win32
		{28A1882E-E187-46C1-90D6-2AA8B274346F}.Release|Win32.Build.0 = Release|Win32
		{28A1882E-E187-46C1-90D6-2AA8B274346F}.MinSizeRel|Win32.ActiveCfg = MinSizeRel|Win32
		{28A1882E-E187-46C1-90D6-2AA8B274346F}.MinSizeRel|Win32.Build.0 = MinSizeRel|Win32
		{28A1882E-E187-46C1-90D6-2AA8B274346F}.RelWithDebInfo|Win32.ActiveCfg = RelWithDebInfo|Win32
		{28A1882E-E187-46C1-90D6-2AA8B274346F}.RelWithDebInfo|Win32.Build.0 = RelWithDebInfo|Win32
		{18120D5C-D7CA-42BF-8D9D-C3B1D69AA0D8}.Debug|Win32.ActiveCfg = Debug|Win32
		{18120D5C-D7CA-42BF-8D9D-C3B1D69AA0D8}.Debug|Win32.Build.0 = Debug|Win32
		{18120D5C-D7CA-42BF-8D9D-C3B1D69AA0D8}.Release|Win32.ActiveCfg = Release|Win32
		{18120D5C-D7CA-42BF-8D9D-C3B1D69AA0D8}.Release|Win32.Build.0 = Release|Win32
		{18120D5C-D7CA-42BF-8D9D-C3B1D69AA0D8}.MinSizeRel|Win32.ActiveCfg = MinSizeRel|Win32
		{18120D5C-D7CA-42BF-8D9D-C3B1D69AA0D8}.MinSizeRel|Win32.Build.0 = MinSizeRel|Win32
		{18120D5C-D7CA-42BF-8D9D-C3B1D69AA0D8}.RelWithDebInfo|Win32.ActiveCfg = RelWithDebInfo|Win32
		{18120D5C-D7CA-42BF-8D9D-C3B1D69AA0D8}.RelWithDebInfo|Win32.Build.0 = RelWithDebInfo|Win32
		{1E9A68F8-0105-4378-A3BD-694EBA0AA82D}.Debug|Win32.ActiveCfg = Debug|Win32
		{1E9A68F8-0105-4378-A3BD-694EBA0AA82D}.Debug|Win32.Build.0 = Debug|Win32
		{1E9A68F8-0105-4378-A3BD-694EBA0AA82D}.Release|Win32.ActiveCfg = Release|Win32
		{1E9A68F8-0105-4378-A3BD-694EBA0AA82D}.Release|Win32.Build.0 = Release|Win32
		{1E9A68F8-0105-4378-A3BD-694EBA0AA82D}.MinSizeRel|Win32.ActiveCfg = MinSizeRel|Win32
		{1E9A68F8-0105-4378-A3BD-694EBA0AA82D}.MinSizeRel|Win32.Build.0 = MinSizeRel|Win32
		{1E9A68F8-0105-4378-A3BD-694EBA0AA82D}.RelWithDebInfo|Win32.ActiveCfg = RelWithDebInfo|Win32
		{1E9A68F8-0105-4378-A3BD-694EBA0AA82D}.RelWithDebInfo|Win32.Build.0 = RelWithDebInfo|Win32
		{445EC7E9-B562-426D-A88A-D702FFF02ADD}.Debug|Win32.ActiveCfg = Debug|Win32
		{445EC7E9-B562-426D-A88A-D702FFF02ADD}.Debug|Win32.Build.0 = Debug|Win32
		{445EC7E9-B562-426D-A88A-D702FFF02ADD}.Release|Win32.ActiveCfg = Release|Win32
		{445EC7E9-B562-426D-A88A-D702FFF02ADD}.Release|Win32.Build.0 = Release|Win32
		{445EC7E9-B562-426D-A88A-D702FFF02ADD}.MinSizeRel|Win32.ActiveCfg = MinSizeRel|Win32
		{445EC7E9-B562-426D-A88A-D702FFF02ADD}.MinSizeRel|Win32.Build.0 = MinSizeRel|Win32
		{445EC7E9-B562-426D-A88A-D702FFF02ADD}.RelWithDebInfo|Win32.ActiveCfg = RelWithDebInfo|Win32
		{445EC7E9-B562-426D-A88A-D702FFF02ADD}.RelWithDebInfo|Win32.Build.0 = RelWithDebInfo|Win32
		{0ED841C3-A3FA-4F54-B819-C7A87643D816}.Debug|Win32.ActiveCfg = Debug|Win32
		{0ED841C3-A3FA-4F54-B819-C7A87643D816}.Debug|Win32.Build.0 = Debug|Win32
		{0ED841C3-A3FA-4F54-B819-C7A87643D816}.Release|Win32.ActiveCfg = Release|Win32
		{0ED841C3-A3FA-4F54-B819-C7A87643D816}.Release|Win32.Build.0 = Release|Win32
		{0ED841C3-A3FA-4F54-B819-C7A87643D816}.MinSizeRel|Win32.ActiveCfg = MinSizeRel|Win32
		{0ED841C3-A3FA-4F54-B819-C7A87643D816}.MinSizeRel|Win32.Build.0 = MinSizeRel|Win32
		{0ED841C3-A3FA-4F54-B819-C7A87643D816}.RelWithDebInfo|Win32.ActiveCfg = RelWithDebInfo|Win32
		{0ED841C3-A3FA-4F54-B819-C7A87643D816}.RelWithDebInfo|Win32.Build.0 = RelWithDebInfo|Win32
	EndGlobalSection
	GlobalSection(ExtensibilityGlobals) = postSolution
	EndGlobalSection
	GlobalSection(ExtensibilityAddIns) = postSolution
	EndGlobalSection
EndGlobal
