<?xml version="1.0" encoding="utf-8"?>
<Project ToolsVersion="4.0" xmlns="http://schemas.microsoft.com/developer/msbuild/2003">
  <ItemGroup>
    <Filter Include="Source Files">
      <UniqueIdentifier>{6e28afa5-7bd4-41d1-ae2a-7ec09db0d1f3}</UniqueIdentifier>
    </Filter>
    <Filter Include="Header Files">
      <UniqueIdentifier>{b1303444-594a-4b5f-a187-b431cc20cf6b}</UniqueIdentifier>
    </Filter>
  </ItemGroup>
  <ItemGroup>
    <ClCompile Include="Source\ChunkyTriMesh.cpp">
      <Filter>Source Files</Filter>
    </ClCompile>
    <ClCompile Include="Source\ConvexVolumeTool.cpp">
      <Filter>Source Files</Filter>
    </ClCompile>
    <ClCompile Include="Source\CrowdTool.cpp">
      <Filter>Source Files</Filter>
    </ClCompile>
    <ClCompile Include="Source\Filelist.cpp">
      <Filter>Source Files</Filter>
    </ClCompile>
    <ClCompile Include="Source\imgui.cpp">
      <Filter>Source Files</Filter>
    </ClCompile>
    <ClCompile Include="Source\imguiRenderGL.cpp">
      <Filter>Source Files</Filter>
    </ClCompile>
    <ClCompile Include="Source\InputGeom.cpp">
      <Filter>Source Files</Filter>
    </ClCompile>
    <ClCompile Include="Source\main.cpp">
      <Filter>Source Files</Filter>
    </ClCompile>
    <ClCompile Include="Source\MeshLoaderObj.cpp">
      <Filter>Source Files</Filter>
    </ClCompile>
    <ClCompile Include="Source\NavMeshPruneTool.cpp">
      <Filter>Source Files</Filter>
    </ClCompile>
    <ClCompile Include="Source\NavMeshTesterTool.cpp">
      <Filter>Source Files</Filter>
    </ClCompile>
    <ClCompile Include="Source\OffMeshConnectionTool.cpp">
      <Filter>Source Files</Filter>
    </ClCompile>
    <ClCompile Include="Source\PerfTimer.cpp">
      <Filter>Source Files</Filter>
    </ClCompile>
    <ClCompile Include="Source\Sample.cpp">
      <Filter>Source Files</Filter>
    </ClCompile>
    <ClCompile Include="Source\Sample_Debug.cpp">
      <Filter>Source Files</Filter>
    </ClCompile>
    <ClCompile Include="Source\Sample_SoloMesh.cpp">
      <Filter>Source Files</Filter>
    </ClCompile>
    <ClCompile Include="Source\Sample_TileMesh.cpp">
      <Filter>Source Files</Filter>
    </ClCompile>
    <ClCompile Include="Source\Sample_TempObstacles.cpp">
      <Filter>Source Files</Filter>
    </ClCompile>
    <ClCompile Include="Source\SampleInterfaces.cpp">
      <Filter>Source Files</Filter>
    </ClCompile>
    <ClCompile Include="Source\SlideShow.cpp">
      <Filter>Source Files</Filter>
    </ClCompile>
    <ClCompile Include="Source\TestCase.cpp">
      <Filter>Source Files</Filter>
    </ClCompile>
    <ClCompile Include="Source\ValueHistory.cpp">
      <Filter>Source Files</Filter>
    </ClCompile>
    <ClCompile Include="Contrib\fastlz\fastlz.c">
      <Filter>Source Files</Filter>
    </ClCompile>
  </ItemGroup>
  <ItemGroup>
    <ClInclude Include="Include\ChunkyTriMesh.h">
      <Filter>Header Files</Filter>
    </ClInclude>
    <ClInclude Include="Include\ConvexVolumeTool.h">
      <Filter>Header Files</Filter>
    </ClInclude>
    <ClInclude Include="Include\CrowdTool.h">
      <Filter>Header Files</Filter>
    </ClInclude>
    <ClInclude Include="Include\Filelist.h">
      <Filter>Header Files</Filter>
    </ClInclude>
    <ClInclude Include="Include\imgui.h">
      <Filter>Header Files</Filter>
    </ClInclude>
    <ClInclude Include="Include\imguiRenderGL.h">
      <Filter>Header Files</Filter>
    </ClInclude>
    <ClInclude Include="Include\InputGeom.h">
      <Filter>Header Files</Filter>
    </ClInclude>
    <ClInclude Include="Include\MeshLoaderObj.h">
      <Filter>Header Files</Filter>
    </ClInclude>
    <ClInclude Include="Include\NavmeshPruneTool.h">
      <Filter>Header Files</Filter>
    </ClInclude>
    <ClInclude Include="Include\NavMeshTesterTool.h">
      <Filter>Header Files</Filter>
    </ClInclude>
    <ClInclude Include="Include\OffMeshConnectionTool.h">
      <Filter>Header Files</Filter>
    </ClInclude>
    <ClInclude Include="Include\PerfTimer.h">
      <Filter>Header Files</Filter>
    </ClInclude>
    <ClInclude Include="Include\Sample.h">
      <Filter>Header Files</Filter>
    </ClInclude>
    <ClInclude Include="Include\Sample_Debug.h">
      <Filter>Header Files</Filter>
    </ClInclude>
    <ClInclude Include="Include\Sample_SoloMesh.h">
      <Filter>Header Files</Filter>
    </ClInclude>
    <ClInclude Include="Include\Sample_TileMesh.h">
      <Filter>Header Files</Filter>
    </ClInclude>
    <ClInclude Include="Include\Sample_TempObstacles.h">
      <Filter>Header Files</Filter>
    </ClInclude>
    <ClInclude Include="Include\SampleInterfaces.h">
      <Filter>Header Files</Filter>
    </ClInclude>
    <ClInclude Include="Include\SDLMain.h">
      <Filter>Header Files</Filter>
    </ClInclude>
    <ClInclude Include="Include\SlideShow.h">
      <Filter>Header Files</Filter>
    </ClInclude>
    <ClInclude Include="Include\TestCase.h">
      <Filter>Header Files</Filter>
    </ClInclude>
    <ClInclude Include="Include\ValueHistory.h">
      <Filter>Header Files</Filter>
    </ClInclude>
  </ItemGroup>
  <ItemGroup>
    <CustomBuild Include="CMakeLists.txt" />
  </ItemGroup>
</Project>